// !$*UTF8*$!
{
	archiveVersion = 1;
	classes = {
	};
	objectVersion = 50;
	objects = {

/* Begin PBXBuildFile section */
		4022693624B279D800AC68CD /* AppDelegate.swift in Sources */ = {isa = PBXBuildFile; fileRef = 4022693524B279D800AC68CD /* AppDelegate.swift */; };
		4022693824B279D800AC68CD /* SceneDelegate.swift in Sources */ = {isa = PBXBuildFile; fileRef = 4022693724B279D800AC68CD /* SceneDelegate.swift */; };
		4022693A24B279D800AC68CD /* MoviesListViewController.swift in Sources */ = {isa = PBXBuildFile; fileRef = 4022693924B279D800AC68CD /* MoviesListViewController.swift */; };
		4022693D24B279D800AC68CD /* Main.storyboard in Resources */ = {isa = PBXBuildFile; fileRef = 4022693B24B279D800AC68CD /* Main.storyboard */; };
		4022694024B279D800AC68CD /* MoviesApp.xcdatamodeld in Sources */ = {isa = PBXBuildFile; fileRef = 4022693E24B279D800AC68CD /* MoviesApp.xcdatamodeld */; };
		4022694224B279DE00AC68CD /* Assets.xcassets in Resources */ = {isa = PBXBuildFile; fileRef = 4022694124B279DE00AC68CD /* Assets.xcassets */; };
		4022694524B279DE00AC68CD /* LaunchScreen.storyboard in Resources */ = {isa = PBXBuildFile; fileRef = 4022694324B279DE00AC68CD /* LaunchScreen.storyboard */; };
		4022695024B279DE00AC68CD /* MoviesAppTests.swift in Sources */ = {isa = PBXBuildFile; fileRef = 4022694F24B279DE00AC68CD /* MoviesAppTests.swift */; };
		4022695B24B279DE00AC68CD /* MoviesAppUITests.swift in Sources */ = {isa = PBXBuildFile; fileRef = 4022695A24B279DE00AC68CD /* MoviesAppUITests.swift */; };
		4022697024B297D900AC68CD /* TmdbApi.swift in Sources */ = {isa = PBXBuildFile; fileRef = 4022696F24B297D900AC68CD /* TmdbApi.swift */; };
		4022697224B2981B00AC68CD /* Agent.swift in Sources */ = {isa = PBXBuildFile; fileRef = 4022697124B2981B00AC68CD /* Agent.swift */; };
		4022697424B29BFF00AC68CD /* Movie.swift in Sources */ = {isa = PBXBuildFile; fileRef = 4022697324B29BFF00AC68CD /* Movie.swift */; };
		40CC05F424B7543C00719671 /* MoviesListViewModel.swift in Sources */ = {isa = PBXBuildFile; fileRef = 40CC05F324B7543C00719671 /* MoviesListViewModel.swift */; };
		40D589FF24B8DC8600ADE461 /* MovieProtocols.swift in Sources */ = {isa = PBXBuildFile; fileRef = 40D589FE24B8DC8600ADE461 /* MovieProtocols.swift */; };
		40E9AE2124B7B76300665AB0 /* Movie.storyboard in Resources */ = {isa = PBXBuildFile; fileRef = 40E9AE2024B7B76300665AB0 /* Movie.storyboard */; };
		40FB431F24B75776000F5869 /* MoviesListCollectionViewCell.swift in Sources */ = {isa = PBXBuildFile; fileRef = 40FB431E24B75776000F5869 /* MoviesListCollectionViewCell.swift */; };
		40FB432324B75B64000F5869 /* MovieUIImageView.swift in Sources */ = {isa = PBXBuildFile; fileRef = 40FB432224B75B64000F5869 /* MovieUIImageView.swift */; };
		40FB432824B7B067000F5869 /* MovieViewController.swift in Sources */ = {isa = PBXBuildFile; fileRef = 40FB432724B7B067000F5869 /* MovieViewController.swift */; };
		40FB432A24B7B1BF000F5869 /* MovieViewModel.swift in Sources */ = {isa = PBXBuildFile; fileRef = 40FB432924B7B1BF000F5869 /* MovieViewModel.swift */; };
		497CBBC324B8E77F00891F03 /* GenreView.swift in Sources */ = {isa = PBXBuildFile; fileRef = 497CBBC224B8E77F00891F03 /* GenreView.swift */; };
/* End PBXBuildFile section */

/* Begin PBXContainerItemProxy section */
		4022694C24B279DE00AC68CD /* PBXContainerItemProxy */ = {
			isa = PBXContainerItemProxy;
			containerPortal = 4022692A24B279D700AC68CD /* Project object */;
			proxyType = 1;
			remoteGlobalIDString = 4022693124B279D800AC68CD;
			remoteInfo = MoviesApp;
		};
		4022695724B279DE00AC68CD /* PBXContainerItemProxy */ = {
			isa = PBXContainerItemProxy;
			containerPortal = 4022692A24B279D700AC68CD /* Project object */;
			proxyType = 1;
			remoteGlobalIDString = 4022693124B279D800AC68CD;
			remoteInfo = MoviesApp;
		};
/* End PBXContainerItemProxy section */

/* Begin PBXFileReference section */
		4022693224B279D800AC68CD /* MoviesApp.app */ = {isa = PBXFileReference; explicitFileType = wrapper.application; includeInIndex = 0; path = MoviesApp.app; sourceTree = BUILT_PRODUCTS_DIR; };
		4022693524B279D800AC68CD /* AppDelegate.swift */ = {isa = PBXFileReference; lastKnownFileType = sourcecode.swift; path = AppDelegate.swift; sourceTree = "<group>"; };
		4022693724B279D800AC68CD /* SceneDelegate.swift */ = {isa = PBXFileReference; lastKnownFileType = sourcecode.swift; path = SceneDelegate.swift; sourceTree = "<group>"; };
		4022693924B279D800AC68CD /* MoviesListViewController.swift */ = {isa = PBXFileReference; lastKnownFileType = sourcecode.swift; path = MoviesListViewController.swift; sourceTree = "<group>"; };
		4022693C24B279D800AC68CD /* Base */ = {isa = PBXFileReference; lastKnownFileType = file.storyboard; name = Base; path = Base.lproj/Main.storyboard; sourceTree = "<group>"; };
		4022693F24B279D800AC68CD /* MoviesApp.xcdatamodel */ = {isa = PBXFileReference; lastKnownFileType = wrapper.xcdatamodel; path = MoviesApp.xcdatamodel; sourceTree = "<group>"; };
		4022694124B279DE00AC68CD /* Assets.xcassets */ = {isa = PBXFileReference; lastKnownFileType = folder.assetcatalog; path = Assets.xcassets; sourceTree = "<group>"; };
		4022694424B279DE00AC68CD /* Base */ = {isa = PBXFileReference; lastKnownFileType = file.storyboard; name = Base; path = Base.lproj/LaunchScreen.storyboard; sourceTree = "<group>"; };
		4022694624B279DE00AC68CD /* Info.plist */ = {isa = PBXFileReference; lastKnownFileType = text.plist.xml; path = Info.plist; sourceTree = "<group>"; };
		4022694B24B279DE00AC68CD /* MoviesAppTests.xctest */ = {isa = PBXFileReference; explicitFileType = wrapper.cfbundle; includeInIndex = 0; path = MoviesAppTests.xctest; sourceTree = BUILT_PRODUCTS_DIR; };
		4022694F24B279DE00AC68CD /* MoviesAppTests.swift */ = {isa = PBXFileReference; lastKnownFileType = sourcecode.swift; path = MoviesAppTests.swift; sourceTree = "<group>"; };
		4022695124B279DE00AC68CD /* Info.plist */ = {isa = PBXFileReference; lastKnownFileType = text.plist.xml; path = Info.plist; sourceTree = "<group>"; };
		4022695624B279DE00AC68CD /* MoviesAppUITests.xctest */ = {isa = PBXFileReference; explicitFileType = wrapper.cfbundle; includeInIndex = 0; path = MoviesAppUITests.xctest; sourceTree = BUILT_PRODUCTS_DIR; };
		4022695A24B279DE00AC68CD /* MoviesAppUITests.swift */ = {isa = PBXFileReference; lastKnownFileType = sourcecode.swift; path = MoviesAppUITests.swift; sourceTree = "<group>"; };
		4022695C24B279DE00AC68CD /* Info.plist */ = {isa = PBXFileReference; lastKnownFileType = text.plist.xml; path = Info.plist; sourceTree = "<group>"; };
		4022696F24B297D900AC68CD /* TmdbApi.swift */ = {isa = PBXFileReference; lastKnownFileType = sourcecode.swift; path = TmdbApi.swift; sourceTree = "<group>"; };
		4022697124B2981B00AC68CD /* Agent.swift */ = {isa = PBXFileReference; lastKnownFileType = sourcecode.swift; path = Agent.swift; sourceTree = "<group>"; };
		4022697324B29BFF00AC68CD /* Movie.swift */ = {isa = PBXFileReference; lastKnownFileType = sourcecode.swift; path = Movie.swift; sourceTree = "<group>"; };
		40CC05F324B7543C00719671 /* MoviesListViewModel.swift */ = {isa = PBXFileReference; lastKnownFileType = sourcecode.swift; path = MoviesListViewModel.swift; sourceTree = "<group>"; };
		40D589FE24B8DC8600ADE461 /* MovieProtocols.swift */ = {isa = PBXFileReference; lastKnownFileType = sourcecode.swift; path = MovieProtocols.swift; sourceTree = "<group>"; };
		40E9AE2024B7B76300665AB0 /* Movie.storyboard */ = {isa = PBXFileReference; lastKnownFileType = file.storyboard; path = Movie.storyboard; sourceTree = "<group>"; };
		40FB431E24B75776000F5869 /* MoviesListCollectionViewCell.swift */ = {isa = PBXFileReference; lastKnownFileType = sourcecode.swift; path = MoviesListCollectionViewCell.swift; sourceTree = "<group>"; };
		40FB432224B75B64000F5869 /* MovieUIImageView.swift */ = {isa = PBXFileReference; lastKnownFileType = sourcecode.swift; path = MovieUIImageView.swift; sourceTree = "<group>"; };
		40FB432724B7B067000F5869 /* MovieViewController.swift */ = {isa = PBXFileReference; lastKnownFileType = sourcecode.swift; path = MovieViewController.swift; sourceTree = "<group>"; };
		40FB432924B7B1BF000F5869 /* MovieViewModel.swift */ = {isa = PBXFileReference; lastKnownFileType = sourcecode.swift; path = MovieViewModel.swift; sourceTree = "<group>"; };
		497CBBC224B8E77F00891F03 /* GenreView.swift */ = {isa = PBXFileReference; lastKnownFileType = sourcecode.swift; path = GenreView.swift; sourceTree = "<group>"; };
/* End PBXFileReference section */

/* Begin PBXFrameworksBuildPhase section */
		4022692F24B279D800AC68CD /* Frameworks */ = {
			isa = PBXFrameworksBuildPhase;
			buildActionMask = 2147483647;
			files = (
			);
			runOnlyForDeploymentPostprocessing = 0;
		};
		4022694824B279DE00AC68CD /* Frameworks */ = {
			isa = PBXFrameworksBuildPhase;
			buildActionMask = 2147483647;
			files = (
			);
			runOnlyForDeploymentPostprocessing = 0;
		};
		4022695324B279DE00AC68CD /* Frameworks */ = {
			isa = PBXFrameworksBuildPhase;
			buildActionMask = 2147483647;
			files = (
			);
			runOnlyForDeploymentPostprocessing = 0;
		};
/* End PBXFrameworksBuildPhase section */

/* Begin PBXGroup section */
		4022692924B279D700AC68CD = {
			isa = PBXGroup;
			children = (
				4022693424B279D800AC68CD /* MoviesApp */,
				4022694E24B279DE00AC68CD /* MoviesAppTests */,
				4022695924B279DE00AC68CD /* MoviesAppUITests */,
				4022693324B279D800AC68CD /* Products */,
			);
			sourceTree = "<group>";
		};
		4022693324B279D800AC68CD /* Products */ = {
			isa = PBXGroup;
			children = (
				4022693224B279D800AC68CD /* MoviesApp.app */,
				4022694B24B279DE00AC68CD /* MoviesAppTests.xctest */,
				4022695624B279DE00AC68CD /* MoviesAppUITests.xctest */,
			);
			name = Products;
			sourceTree = "<group>";
		};
		4022693424B279D800AC68CD /* MoviesApp */ = {
			isa = PBXGroup;
			children = (
				4022696D24B27B5E00AC68CD /* Config */,
				4022696B24B27A1000AC68CD /* Helpers */,
				4022696A24B27A0700AC68CD /* ViewModel */,
				4022696924B279FC00AC68CD /* View */,
				4022696824B279F100AC68CD /* Model */,
				4022694624B279DE00AC68CD /* Info.plist */,
				4022693E24B279D800AC68CD /* MoviesApp.xcdatamodeld */,
			);
			path = MoviesApp;
			sourceTree = "<group>";
		};
		4022694E24B279DE00AC68CD /* MoviesAppTests */ = {
			isa = PBXGroup;
			children = (
				4022694F24B279DE00AC68CD /* MoviesAppTests.swift */,
				4022695124B279DE00AC68CD /* Info.plist */,
			);
			path = MoviesAppTests;
			sourceTree = "<group>";
		};
		4022695924B279DE00AC68CD /* MoviesAppUITests */ = {
			isa = PBXGroup;
			children = (
				4022695A24B279DE00AC68CD /* MoviesAppUITests.swift */,
				4022695C24B279DE00AC68CD /* Info.plist */,
			);
			path = MoviesAppUITests;
			sourceTree = "<group>";
		};
		4022696824B279F100AC68CD /* Model */ = {
			isa = PBXGroup;
			children = (
				4022696F24B297D900AC68CD /* TmdbApi.swift */,
				4022697124B2981B00AC68CD /* Agent.swift */,
				4022697324B29BFF00AC68CD /* Movie.swift */,
			);
			path = Model;
			sourceTree = "<group>";
		};
		4022696924B279FC00AC68CD /* View */ = {
			isa = PBXGroup;
			children = (
				40C8F4B524B7B6A4006BE628 /* Movie */,
				40C8F4B424B7B692006BE628 /* Storyboard */,
				40C8F4B324B7B68A006BE628 /* Custom */,
				40FB432624B7ADCD000F5869 /* MovieList */,
			);
			path = View;
			sourceTree = "<group>";
		};
		4022696A24B27A0700AC68CD /* ViewModel */ = {
			isa = PBXGroup;
			children = (
				40CC05F324B7543C00719671 /* MoviesListViewModel.swift */,
				40FB432924B7B1BF000F5869 /* MovieViewModel.swift */,
			);
			path = ViewModel;
			sourceTree = "<group>";
		};
		4022696B24B27A1000AC68CD /* Helpers */ = {
			isa = PBXGroup;
			children = (
				40D589FD24B8DC4500ADE461 /* Protocols */,
				4022696C24B27A1700AC68CD /* Extensions */,
			);
			path = Helpers;
			sourceTree = "<group>";
		};
		4022696C24B27A1700AC68CD /* Extensions */ = {
			isa = PBXGroup;
			children = (
			);
			path = Extensions;
			sourceTree = "<group>";
		};
		4022696D24B27B5E00AC68CD /* Config */ = {
			isa = PBXGroup;
			children = (
				4022696E24B27B6800AC68CD /* Resources */,
				4022693524B279D800AC68CD /* AppDelegate.swift */,
				4022693724B279D800AC68CD /* SceneDelegate.swift */,
			);
			path = Config;
			sourceTree = "<group>";
		};
		4022696E24B27B6800AC68CD /* Resources */ = {
			isa = PBXGroup;
			children = (
				4022694124B279DE00AC68CD /* Assets.xcassets */,
			);
			path = Resources;
			sourceTree = "<group>";
		};
		40C8F4B324B7B68A006BE628 /* Custom */ = {
			isa = PBXGroup;
			children = (
				40FB432224B75B64000F5869 /* MovieUIImageView.swift */,
				497CBBC224B8E77F00891F03 /* GenreView.swift */,
			);
			path = Custom;
			sourceTree = "<group>";
		};
		40C8F4B424B7B692006BE628 /* Storyboard */ = {
			isa = PBXGroup;
			children = (
				4022693B24B279D800AC68CD /* Main.storyboard */,
				4022694324B279DE00AC68CD /* LaunchScreen.storyboard */,
				40E9AE2024B7B76300665AB0 /* Movie.storyboard */,
			);
			path = Storyboard;
			sourceTree = "<group>";
		};
		40C8F4B524B7B6A4006BE628 /* Movie */ = {
			isa = PBXGroup;
			children = (
				40FB432724B7B067000F5869 /* MovieViewController.swift */,
			);
			path = Movie;
			sourceTree = "<group>";
		};
		40D589FD24B8DC4500ADE461 /* Protocols */ = {
			isa = PBXGroup;
			children = (
				40D589FE24B8DC8600ADE461 /* MovieProtocols.swift */,
			);
			path = Protocols;
			sourceTree = "<group>";
		};
		40FB432624B7ADCD000F5869 /* MovieList */ = {
			isa = PBXGroup;
			children = (
				4022693924B279D800AC68CD /* MoviesListViewController.swift */,
				40FB431E24B75776000F5869 /* MoviesListCollectionViewCell.swift */,
			);
			path = MovieList;
			sourceTree = "<group>";
		};
/* End PBXGroup section */

/* Begin PBXNativeTarget section */
		4022693124B279D800AC68CD /* MoviesApp */ = {
			isa = PBXNativeTarget;
			buildConfigurationList = 4022695F24B279DE00AC68CD /* Build configuration list for PBXNativeTarget "MoviesApp" */;
			buildPhases = (
				4022692E24B279D800AC68CD /* Sources */,
				4022692F24B279D800AC68CD /* Frameworks */,
				4022693024B279D800AC68CD /* Resources */,
			);
			buildRules = (
			);
			dependencies = (
			);
			name = MoviesApp;
			productName = MoviesApp;
			productReference = 4022693224B279D800AC68CD /* MoviesApp.app */;
			productType = "com.apple.product-type.application";
		};
		4022694A24B279DE00AC68CD /* MoviesAppTests */ = {
			isa = PBXNativeTarget;
			buildConfigurationList = 4022696224B279DE00AC68CD /* Build configuration list for PBXNativeTarget "MoviesAppTests" */;
			buildPhases = (
				4022694724B279DE00AC68CD /* Sources */,
				4022694824B279DE00AC68CD /* Frameworks */,
				4022694924B279DE00AC68CD /* Resources */,
			);
			buildRules = (
			);
			dependencies = (
				4022694D24B279DE00AC68CD /* PBXTargetDependency */,
			);
			name = MoviesAppTests;
			productName = MoviesAppTests;
			productReference = 4022694B24B279DE00AC68CD /* MoviesAppTests.xctest */;
			productType = "com.apple.product-type.bundle.unit-test";
		};
		4022695524B279DE00AC68CD /* MoviesAppUITests */ = {
			isa = PBXNativeTarget;
			buildConfigurationList = 4022696524B279DE00AC68CD /* Build configuration list for PBXNativeTarget "MoviesAppUITests" */;
			buildPhases = (
				4022695224B279DE00AC68CD /* Sources */,
				4022695324B279DE00AC68CD /* Frameworks */,
				4022695424B279DE00AC68CD /* Resources */,
			);
			buildRules = (
			);
			dependencies = (
				4022695824B279DE00AC68CD /* PBXTargetDependency */,
			);
			name = MoviesAppUITests;
			productName = MoviesAppUITests;
			productReference = 4022695624B279DE00AC68CD /* MoviesAppUITests.xctest */;
			productType = "com.apple.product-type.bundle.ui-testing";
		};
/* End PBXNativeTarget section */

/* Begin PBXProject section */
		4022692A24B279D700AC68CD /* Project object */ = {
			isa = PBXProject;
			attributes = {
				LastSwiftUpdateCheck = 1150;
				LastUpgradeCheck = 1150;
				ORGANIZATIONNAME = "Carlos Fontes";
				TargetAttributes = {
					4022693124B279D800AC68CD = {
						CreatedOnToolsVersion = 11.5;
					};
					4022694A24B279DE00AC68CD = {
						CreatedOnToolsVersion = 11.5;
						TestTargetID = 4022693124B279D800AC68CD;
					};
					4022695524B279DE00AC68CD = {
						CreatedOnToolsVersion = 11.5;
						TestTargetID = 4022693124B279D800AC68CD;
					};
				};
			};
			buildConfigurationList = 4022692D24B279D700AC68CD /* Build configuration list for PBXProject "MoviesApp" */;
			compatibilityVersion = "Xcode 9.3";
			developmentRegion = en;
			hasScannedForEncodings = 0;
			knownRegions = (
				en,
				Base,
			);
			mainGroup = 4022692924B279D700AC68CD;
			productRefGroup = 4022693324B279D800AC68CD /* Products */;
			projectDirPath = "";
			projectRoot = "";
			targets = (
				4022693124B279D800AC68CD /* MoviesApp */,
				4022694A24B279DE00AC68CD /* MoviesAppTests */,
				4022695524B279DE00AC68CD /* MoviesAppUITests */,
			);
		};
/* End PBXProject section */

/* Begin PBXResourcesBuildPhase section */
		4022693024B279D800AC68CD /* Resources */ = {
			isa = PBXResourcesBuildPhase;
			buildActionMask = 2147483647;
			files = (
				4022694524B279DE00AC68CD /* LaunchScreen.storyboard in Resources */,
				4022694224B279DE00AC68CD /* Assets.xcassets in Resources */,
				4022693D24B279D800AC68CD /* Main.storyboard in Resources */,
				40E9AE2124B7B76300665AB0 /* Movie.storyboard in Resources */,
			);
			runOnlyForDeploymentPostprocessing = 0;
		};
		4022694924B279DE00AC68CD /* Resources */ = {
			isa = PBXResourcesBuildPhase;
			buildActionMask = 2147483647;
			files = (
			);
			runOnlyForDeploymentPostprocessing = 0;
		};
		4022695424B279DE00AC68CD /* Resources */ = {
			isa = PBXResourcesBuildPhase;
			buildActionMask = 2147483647;
			files = (
			);
			runOnlyForDeploymentPostprocessing = 0;
		};
/* End PBXResourcesBuildPhase section */

/* Begin PBXSourcesBuildPhase section */
		4022692E24B279D800AC68CD /* Sources */ = {
			isa = PBXSourcesBuildPhase;
			buildActionMask = 2147483647;
			files = (
				40FB431F24B75776000F5869 /* MoviesListCollectionViewCell.swift in Sources */,
				40D589FF24B8DC8600ADE461 /* MovieProtocols.swift in Sources */,
				497CBBC324B8E77F00891F03 /* GenreView.swift in Sources */,
				40FB432324B75B64000F5869 /* MovieUIImageView.swift in Sources */,
				40FB432824B7B067000F5869 /* MovieViewController.swift in Sources */,
				4022697424B29BFF00AC68CD /* Movie.swift in Sources */,
				4022693A24B279D800AC68CD /* MoviesListViewController.swift in Sources */,
				4022693624B279D800AC68CD /* AppDelegate.swift in Sources */,
				4022697024B297D900AC68CD /* TmdbApi.swift in Sources */,
				4022697224B2981B00AC68CD /* Agent.swift in Sources */,
				4022694024B279D800AC68CD /* MoviesApp.xcdatamodeld in Sources */,
				4022693824B279D800AC68CD /* SceneDelegate.swift in Sources */,
				40CC05F424B7543C00719671 /* MoviesListViewModel.swift in Sources */,
				40FB432A24B7B1BF000F5869 /* MovieViewModel.swift in Sources */,
			);
			runOnlyForDeploymentPostprocessing = 0;
		};
		4022694724B279DE00AC68CD /* Sources */ = {
			isa = PBXSourcesBuildPhase;
			buildActionMask = 2147483647;
			files = (
				4022695024B279DE00AC68CD /* MoviesAppTests.swift in Sources */,
			);
			runOnlyForDeploymentPostprocessing = 0;
		};
		4022695224B279DE00AC68CD /* Sources */ = {
			isa = PBXSourcesBuildPhase;
			buildActionMask = 2147483647;
			files = (
				4022695B24B279DE00AC68CD /* MoviesAppUITests.swift in Sources */,
			);
			runOnlyForDeploymentPostprocessing = 0;
		};
/* End PBXSourcesBuildPhase section */

/* Begin PBXTargetDependency section */
		4022694D24B279DE00AC68CD /* PBXTargetDependency */ = {
			isa = PBXTargetDependency;
			target = 4022693124B279D800AC68CD /* MoviesApp */;
			targetProxy = 4022694C24B279DE00AC68CD /* PBXContainerItemProxy */;
		};
		4022695824B279DE00AC68CD /* PBXTargetDependency */ = {
			isa = PBXTargetDependency;
			target = 4022693124B279D800AC68CD /* MoviesApp */;
			targetProxy = 4022695724B279DE00AC68CD /* PBXContainerItemProxy */;
		};
/* End PBXTargetDependency section */

/* Begin PBXVariantGroup section */
		4022693B24B279D800AC68CD /* Main.storyboard */ = {
			isa = PBXVariantGroup;
			children = (
				4022693C24B279D800AC68CD /* Base */,
			);
			name = Main.storyboard;
			sourceTree = "<group>";
		};
		4022694324B279DE00AC68CD /* LaunchScreen.storyboard */ = {
			isa = PBXVariantGroup;
			children = (
				4022694424B279DE00AC68CD /* Base */,
			);
			name = LaunchScreen.storyboard;
			sourceTree = "<group>";
		};
/* End PBXVariantGroup section */

/* Begin XCBuildConfiguration section */
		4022695D24B279DE00AC68CD /* Debug */ = {
			isa = XCBuildConfiguration;
			buildSettings = {
				ALWAYS_SEARCH_USER_PATHS = NO;
				CLANG_ANALYZER_NONNULL = YES;
				CLANG_ANALYZER_NUMBER_OBJECT_CONVERSION = YES_AGGRESSIVE;
				CLANG_CXX_LANGUAGE_STANDARD = "gnu++14";
				CLANG_CXX_LIBRARY = "libc++";
				CLANG_ENABLE_MODULES = YES;
				CLANG_ENABLE_OBJC_ARC = YES;
				CLANG_ENABLE_OBJC_WEAK = YES;
				CLANG_WARN_BLOCK_CAPTURE_AUTORELEASING = YES;
				CLANG_WARN_BOOL_CONVERSION = YES;
				CLANG_WARN_COMMA = YES;
				CLANG_WARN_CONSTANT_CONVERSION = YES;
				CLANG_WARN_DEPRECATED_OBJC_IMPLEMENTATIONS = YES;
				CLANG_WARN_DIRECT_OBJC_ISA_USAGE = YES_ERROR;
				CLANG_WARN_DOCUMENTATION_COMMENTS = YES;
				CLANG_WARN_EMPTY_BODY = YES;
				CLANG_WARN_ENUM_CONVERSION = YES;
				CLANG_WARN_INFINITE_RECURSION = YES;
				CLANG_WARN_INT_CONVERSION = YES;
				CLANG_WARN_NON_LITERAL_NULL_CONVERSION = YES;
				CLANG_WARN_OBJC_IMPLICIT_RETAIN_SELF = YES;
				CLANG_WARN_OBJC_LITERAL_CONVERSION = YES;
				CLANG_WARN_OBJC_ROOT_CLASS = YES_ERROR;
				CLANG_WARN_RANGE_LOOP_ANALYSIS = YES;
				CLANG_WARN_STRICT_PROTOTYPES = YES;
				CLANG_WARN_SUSPICIOUS_MOVE = YES;
				CLANG_WARN_UNGUARDED_AVAILABILITY = YES_AGGRESSIVE;
				CLANG_WARN_UNREACHABLE_CODE = YES;
				CLANG_WARN__DUPLICATE_METHOD_MATCH = YES;
				COPY_PHASE_STRIP = NO;
				DEBUG_INFORMATION_FORMAT = dwarf;
				ENABLE_STRICT_OBJC_MSGSEND = YES;
				ENABLE_TESTABILITY = YES;
				GCC_C_LANGUAGE_STANDARD = gnu11;
				GCC_DYNAMIC_NO_PIC = NO;
				GCC_NO_COMMON_BLOCKS = YES;
				GCC_OPTIMIZATION_LEVEL = 0;
				GCC_PREPROCESSOR_DEFINITIONS = (
					"DEBUG=1",
					"$(inherited)",
				);
				GCC_WARN_64_TO_32_BIT_CONVERSION = YES;
				GCC_WARN_ABOUT_RETURN_TYPE = YES_ERROR;
				GCC_WARN_UNDECLARED_SELECTOR = YES;
				GCC_WARN_UNINITIALIZED_AUTOS = YES_AGGRESSIVE;
				GCC_WARN_UNUSED_FUNCTION = YES;
				GCC_WARN_UNUSED_VARIABLE = YES;
				IPHONEOS_DEPLOYMENT_TARGET = 13.4;
				MTL_ENABLE_DEBUG_INFO = INCLUDE_SOURCE;
				MTL_FAST_MATH = YES;
				ONLY_ACTIVE_ARCH = YES;
				SDKROOT = iphoneos;
				SWIFT_ACTIVE_COMPILATION_CONDITIONS = DEBUG;
				SWIFT_OPTIMIZATION_LEVEL = "-Onone";
			};
			name = Debug;
		};
		4022695E24B279DE00AC68CD /* Release */ = {
			isa = XCBuildConfiguration;
			buildSettings = {
				ALWAYS_SEARCH_USER_PATHS = NO;
				CLANG_ANALYZER_NONNULL = YES;
				CLANG_ANALYZER_NUMBER_OBJECT_CONVERSION = YES_AGGRESSIVE;
				CLANG_CXX_LANGUAGE_STANDARD = "gnu++14";
				CLANG_CXX_LIBRARY = "libc++";
				CLANG_ENABLE_MODULES = YES;
				CLANG_ENABLE_OBJC_ARC = YES;
				CLANG_ENABLE_OBJC_WEAK = YES;
				CLANG_WARN_BLOCK_CAPTURE_AUTORELEASING = YES;
				CLANG_WARN_BOOL_CONVERSION = YES;
				CLANG_WARN_COMMA = YES;
				CLANG_WARN_CONSTANT_CONVERSION = YES;
				CLANG_WARN_DEPRECATED_OBJC_IMPLEMENTATIONS = YES;
				CLANG_WARN_DIRECT_OBJC_ISA_USAGE = YES_ERROR;
				CLANG_WARN_DOCUMENTATION_COMMENTS = YES;
				CLANG_WARN_EMPTY_BODY = YES;
				CLANG_WARN_ENUM_CONVERSION = YES;
				CLANG_WARN_INFINITE_RECURSION = YES;
				CLANG_WARN_INT_CONVERSION = YES;
				CLANG_WARN_NON_LITERAL_NULL_CONVERSION = YES;
				CLANG_WARN_OBJC_IMPLICIT_RETAIN_SELF = YES;
				CLANG_WARN_OBJC_LITERAL_CONVERSION = YES;
				CLANG_WARN_OBJC_ROOT_CLASS = YES_ERROR;
				CLANG_WARN_RANGE_LOOP_ANALYSIS = YES;
				CLANG_WARN_STRICT_PROTOTYPES = YES;
				CLANG_WARN_SUSPICIOUS_MOVE = YES;
				CLANG_WARN_UNGUARDED_AVAILABILITY = YES_AGGRESSIVE;
				CLANG_WARN_UNREACHABLE_CODE = YES;
				CLANG_WARN__DUPLICATE_METHOD_MATCH = YES;
				COPY_PHASE_STRIP = NO;
				DEBUG_INFORMATION_FORMAT = "dwarf-with-dsym";
				ENABLE_NS_ASSERTIONS = NO;
				ENABLE_STRICT_OBJC_MSGSEND = YES;
				GCC_C_LANGUAGE_STANDARD = gnu11;
				GCC_NO_COMMON_BLOCKS = YES;
				GCC_WARN_64_TO_32_BIT_CONVERSION = YES;
				GCC_WARN_ABOUT_RETURN_TYPE = YES_ERROR;
				GCC_WARN_UNDECLARED_SELECTOR = YES;
				GCC_WARN_UNINITIALIZED_AUTOS = YES_AGGRESSIVE;
				GCC_WARN_UNUSED_FUNCTION = YES;
				GCC_WARN_UNUSED_VARIABLE = YES;
				IPHONEOS_DEPLOYMENT_TARGET = 13.4;
				MTL_ENABLE_DEBUG_INFO = NO;
				MTL_FAST_MATH = YES;
				SDKROOT = iphoneos;
				SWIFT_COMPILATION_MODE = wholemodule;
				SWIFT_OPTIMIZATION_LEVEL = "-O";
				VALIDATE_PRODUCT = YES;
			};
			name = Release;
		};
		4022696024B279DE00AC68CD /* Debug */ = {
			isa = XCBuildConfiguration;
			buildSettings = {
				ASSETCATALOG_COMPILER_APPICON_NAME = AppIcon;
				CODE_SIGN_STYLE = Automatic;
				DEVELOPMENT_TEAM = 55A535V42Q;
				INFOPLIST_FILE = MoviesApp/Info.plist;
				IPHONEOS_DEPLOYMENT_TARGET = 13.5;
				LD_RUNPATH_SEARCH_PATHS = (
					"$(inherited)",
					"@executable_path/Frameworks",
				);
				PRODUCT_BUNDLE_IDENTIFIER = com.carlosfontes.MoviesApp;
				PRODUCT_NAME = "$(TARGET_NAME)";
				SWIFT_VERSION = 5.0;
				TARGETED_DEVICE_FAMILY = "1,2";
			};
			name = Debug;
		};
		4022696124B279DE00AC68CD /* Release */ = {
			isa = XCBuildConfiguration;
			buildSettings = {
				ASSETCATALOG_COMPILER_APPICON_NAME = AppIcon;
				CODE_SIGN_STYLE = Automatic;
				DEVELOPMENT_TEAM = 55A535V42Q;
				INFOPLIST_FILE = MoviesApp/Info.plist;
				IPHONEOS_DEPLOYMENT_TARGET = 13.5;
				LD_RUNPATH_SEARCH_PATHS = (
					"$(inherited)",
					"@executable_path/Frameworks",
				);
				PRODUCT_BUNDLE_IDENTIFIER = com.carlosfontes.MoviesApp;
				PRODUCT_NAME = "$(TARGET_NAME)";
				SWIFT_VERSION = 5.0;
				TARGETED_DEVICE_FAMILY = "1,2";
			};
			name = Release;
		};
		4022696324B279DE00AC68CD /* Debug */ = {
			isa = XCBuildConfiguration;
			buildSettings = {
				ALWAYS_EMBED_SWIFT_STANDARD_LIBRARIES = YES;
				BUNDLE_LOADER = "$(TEST_HOST)";
				CODE_SIGN_STYLE = Automatic;
				DEVELOPMENT_TEAM = 55A535V42Q;
				INFOPLIST_FILE = MoviesAppTests/Info.plist;
				IPHONEOS_DEPLOYMENT_TARGET = 13.5;
				LD_RUNPATH_SEARCH_PATHS = (
					"$(inherited)",
					"@executable_path/Frameworks",
					"@loader_path/Frameworks",
				);
				PRODUCT_BUNDLE_IDENTIFIER = com.carlosfontes.MoviesAppTests;
				PRODUCT_NAME = "$(TARGET_NAME)";
				SWIFT_VERSION = 5.0;
				TARGETED_DEVICE_FAMILY = "1,2";
				TEST_HOST = "$(BUILT_PRODUCTS_DIR)/MoviesApp.app/MoviesApp";
			};
			name = Debug;
		};
		4022696424B279DE00AC68CD /* Release */ = {
			isa = XCBuildConfiguration;
			buildSettings = {
				ALWAYS_EMBED_SWIFT_STANDARD_LIBRARIES = YES;
				BUNDLE_LOADER = "$(TEST_HOST)";
				CODE_SIGN_STYLE = Automatic;
				DEVELOPMENT_TEAM = 55A535V42Q;
				INFOPLIST_FILE = MoviesAppTests/Info.plist;
				IPHONEOS_DEPLOYMENT_TARGET = 13.5;
				LD_RUNPATH_SEARCH_PATHS = (
					"$(inherited)",
					"@executable_path/Frameworks",
					"@loader_path/Frameworks",
				);
				PRODUCT_BUNDLE_IDENTIFIER = com.carlosfontes.MoviesAppTests;
				PRODUCT_NAME = "$(TARGET_NAME)";
				SWIFT_VERSION = 5.0;
				TARGETED_DEVICE_FAMILY = "1,2";
				TEST_HOST = "$(BUILT_PRODUCTS_DIR)/MoviesApp.app/MoviesApp";
			};
			name = Release;
		};
		4022696624B279DE00AC68CD /* Debug */ = {
			isa = XCBuildConfiguration;
			buildSettings = {
				ALWAYS_EMBED_SWIFT_STANDARD_LIBRARIES = YES;
				CODE_SIGN_STYLE = Automatic;
				DEVELOPMENT_TEAM = 55A535V42Q;
				INFOPLIST_FILE = MoviesAppUITests/Info.plist;
				LD_RUNPATH_SEARCH_PATHS = (
					"$(inherited)",
					"@executable_path/Frameworks",
					"@loader_path/Frameworks",
				);
				PRODUCT_BUNDLE_IDENTIFIER = com.carlosfontes.MoviesAppUITests;
				PRODUCT_NAME = "$(TARGET_NAME)";
				SWIFT_VERSION = 5.0;
				TARGETED_DEVICE_FAMILY = "1,2";
				TEST_TARGET_NAME = MoviesApp;
			};
			name = Debug;
		};
		4022696724B279DE00AC68CD /* Release */ = {
			isa = XCBuildConfiguration;
			buildSettings = {
				ALWAYS_EMBED_SWIFT_STANDARD_LIBRARIES = YES;
				CODE_SIGN_STYLE = Automatic;
				DEVELOPMENT_TEAM = 55A535V42Q;
				INFOPLIST_FILE = MoviesAppUITests/Info.plist;
				LD_RUNPATH_SEARCH_PATHS = (
					"$(inherited)",
					"@executable_path/Frameworks",
					"@loader_path/Frameworks",
				);
				PRODUCT_BUNDLE_IDENTIFIER = com.carlosfontes.MoviesAppUITests;
				PRODUCT_NAME = "$(TARGET_NAME)";
				SWIFT_VERSION = 5.0;
				TARGETED_DEVICE_FAMILY = "1,2";
				TEST_TARGET_NAME = MoviesApp;
			};
			name = Release;
		};
/* End XCBuildConfiguration section */

/* Begin XCConfigurationList section */
		4022692D24B279D700AC68CD /* Build configuration list for PBXProject "MoviesApp" */ = {
			isa = XCConfigurationList;
			buildConfigurations = (
				4022695D24B279DE00AC68CD /* Debug */,
				4022695E24B279DE00AC68CD /* Release */,
			);
			defaultConfigurationIsVisible = 0;
			defaultConfigurationName = Release;
		};
		4022695F24B279DE00AC68CD /* Build configuration list for PBXNativeTarget "MoviesApp" */ = {
			isa = XCConfigurationList;
			buildConfigurations = (
				4022696024B279DE00AC68CD /* Debug */,
				4022696124B279DE00AC68CD /* Release */,
			);
			defaultConfigurationIsVisible = 0;
			defaultConfigurationName = Release;
		};
		4022696224B279DE00AC68CD /* Build configuration list for PBXNativeTarget "MoviesAppTests" */ = {
			isa = XCConfigurationList;
			buildConfigurations = (
				4022696324B279DE00AC68CD /* Debug */,
				4022696424B279DE00AC68CD /* Release */,
			);
			defaultConfigurationIsVisible = 0;
			defaultConfigurationName = Release;
		};
		4022696524B279DE00AC68CD /* Build configuration list for PBXNativeTarget "MoviesAppUITests" */ = {
			isa = XCConfigurationList;
			buildConfigurations = (
				4022696624B279DE00AC68CD /* Debug */,
				4022696724B279DE00AC68CD /* Release */,
			);
			defaultConfigurationIsVisible = 0;
			defaultConfigurationName = Release;
		};
/* End XCConfigurationList section */

/* Begin XCVersionGroup section */
		4022693E24B279D800AC68CD /* MoviesApp.xcdatamodeld */ = {
			isa = XCVersionGroup;
			children = (
				4022693F24B279D800AC68CD /* MoviesApp.xcdatamodel */,
			);
			currentVersion = 4022693F24B279D800AC68CD /* MoviesApp.xcdatamodel */;
			path = MoviesApp.xcdatamodeld;
			sourceTree = "<group>";
			versionGroupType = wrapper.xcdatamodel;
		};
/* End XCVersionGroup section */
	};
	rootObject = 4022692A24B279D700AC68CD /* Project object */;
}
